
Microsoft Visual Studio Solution File, Format Version 12.00
# Visual Studio 15
VisualStudioVersion = 15.0.27130.2010
MinimumVisualStudioVersion = 10.0.40219.1
Project("{FAE04EC0-301F-11D3-BF4B-00C04F79EFBC}") = "Traicy.GUI", "Traicy.GUI\Traicy.GUI.csproj", "{32DDB367-137A-4AA2-AD55-98EDE3D80E3A}"
EndProject
Global
	GlobalSection(SolutionConfigurationPlatforms) = preSolution
		Debug|Any CPU = Debug|Any CPU
		Release|Any CPU = Release|Any CPU
	EndGlobalSection
	GlobalSection(ProjectConfigurationPlatforms) = postSolution
		{32DDB367-137A-4AA2-AD55-98EDE3D80E3A}.Debug|Any CPU.ActiveCfg = Debug|Any CPU
		{32DDB367-137A-4AA2-AD55-98EDE3D80E3A}.Debug|Any CPU.Build.0 = Debug|Any CPU
		{32DDB367-137A-4AA2-AD55-98EDE3D80E3A}.Release|Any CPU.ActiveCfg = Release|Any CPU
		{32DDB367-137A-4AA2-AD55-98EDE3D80E3A}.Release|Any CPU.Build.0 = Release|Any CPU
	EndGlobalSection
	GlobalSection(SolutionProperties) = preSolution
		HideSolutionNode = FALSE
	EndGlobalSection
	GlobalSection(ExtensibilityGlobals) = postSolution
		SolutionGuid = {C25D5787-3924-4B68-8161-394DE5CD244F}
	EndGlobalSection
EndGlobal
